Microsoft Visual Studio Solution File, Format Version 12.00
# Visual Studio Version 17
VisualStudioVersion = 17.5.2.0
MinimumVisualStudioVersion = 10.0.40219.1
Project("{FAE04EC0-301F-11D3-BF4B-00C04F79EFBC}") = "05_secuenciadescendentehasta0_DoWhile", "05_secuenciadescendentehasta0_DoWhile.csproj", "{3C90DDCF-F1DF-9AD7-E672-1CFE026E961B}"
EndProject
Global
	GlobalSection(SolutionConfigurationPlatforms) = preSolution
		Debug|Any CPU = Debug|Any CPU
		Release|Any CPU = Release|Any CPU
	EndGlobalSection
	GlobalSection(ProjectConfigurationPlatforms) = postSolution
		{3C90DDCF-F1DF-9AD7-E672-1CFE026E961B}.Debug|Any CPU.ActiveCfg = Debug|Any CPU
		{3C90DDCF-F1DF-9AD7-E672-1CFE026E961B}.Debug|Any CPU.Build.0 = Debug|Any CPU
		{3C90DDCF-F1DF-9AD7-E672-1CFE026E961B}.Release|Any CPU.ActiveCfg = Release|Any CPU
		{3C90DDCF-F1DF-9AD7-E672-1CFE026E961B}.Release|Any CPU.Build.0 = Release|Any CPU
	EndGlobalSection
	GlobalSection(SolutionProperties) = preSolution
		HideSolutionNode = FALSE
	EndGlobalSection
	GlobalSection(ExtensibilityGlobals) = postSolution
		SolutionGuid = {ABB4C4B3-097B-4DF5-8F81-BA93CF8C7AA9}
	EndGlobalSection
EndGlobal
