Microsoft Visual Studio Solution File, Format Version 12.00
# Visual Studio Version 17
VisualStudioVersion = 17.5.2.0
MinimumVisualStudioVersion = 10.0.40219.1
Project("{FAE04EC0-301F-11D3-BF4B-00C04F79EFBC}") = "12_Intercambiar_variables", "12_Intercambiar_variables.csproj", "{A8E184EE-43BF-ED9F-0DD7-557844C3FECB}"
EndProject
Global
	GlobalSection(SolutionConfigurationPlatforms) = preSolution
		Debug|Any CPU = Debug|Any CPU
		Release|Any CPU = Release|Any CPU
	EndGlobalSection
	GlobalSection(ProjectConfigurationPlatforms) = postSolution
		{A8E184EE-43BF-ED9F-0DD7-557844C3FECB}.Debug|Any CPU.ActiveCfg = Debug|Any CPU
		{A8E184EE-43BF-ED9F-0DD7-557844C3FECB}.Debug|Any CPU.Build.0 = Debug|Any CPU
		{A8E184EE-43BF-ED9F-0DD7-557844C3FECB}.Release|Any CPU.ActiveCfg = Release|Any CPU
		{A8E184EE-43BF-ED9F-0DD7-557844C3FECB}.Release|Any CPU.Build.0 = Release|Any CPU
	EndGlobalSection
	GlobalSection(SolutionProperties) = preSolution
		HideSolutionNode = FALSE
	EndGlobalSection
	GlobalSection(ExtensibilityGlobals) = postSolution
		SolutionGuid = {2F79FC6C-2C85-43EC-AA20-02BBE2E3D43A}
	EndGlobalSection
EndGlobal
