Microsoft Visual Studio Solution File, Format Version 12.00
# Visual Studio Version 17
VisualStudioVersion = 17.5.2.0
MinimumVisualStudioVersion = 10.0.40219.1
Project("{FAE04EC0-301F-11D3-BF4B-00C04F79EFBC}") = "07_Pedirdosnumeros_While", "07_Pedirdosnumeros_While.csproj", "{454B88AC-D5C8-A997-88FD-7F92D34D5E8C}"
EndProject
Global
	GlobalSection(SolutionConfigurationPlatforms) = preSolution
		Debug|Any CPU = Debug|Any CPU
		Release|Any CPU = Release|Any CPU
	EndGlobalSection
	GlobalSection(ProjectConfigurationPlatforms) = postSolution
		{454B88AC-D5C8-A997-88FD-7F92D34D5E8C}.Debug|Any CPU.ActiveCfg = Debug|Any CPU
		{454B88AC-D5C8-A997-88FD-7F92D34D5E8C}.Debug|Any CPU.Build.0 = Debug|Any CPU
		{454B88AC-D5C8-A997-88FD-7F92D34D5E8C}.Release|Any CPU.ActiveCfg = Release|Any CPU
		{454B88AC-D5C8-A997-88FD-7F92D34D5E8C}.Release|Any CPU.Build.0 = Release|Any CPU
	EndGlobalSection
	GlobalSection(SolutionProperties) = preSolution
		HideSolutionNode = FALSE
	EndGlobalSection
	GlobalSection(ExtensibilityGlobals) = postSolution
		SolutionGuid = {83ECB39E-6AAC-457C-8B31-0C5B822CEBB8}
	EndGlobalSection
EndGlobal
