Microsoft Visual Studio Solution File, Format Version 12.00
# Visual Studio Version 17
VisualStudioVersion = 17.5.2.0
MinimumVisualStudioVersion = 10.0.40219.1
Project("{FAE04EC0-301F-11D3-BF4B-00C04F79EFBC}") = "03_NumerosImp1a100_DoWhile", "03_NumerosImp1a100_DoWhile.csproj", "{B798BC3B-0DBD-F182-1EA1-EBC9395B07A6}"
EndProject
Global
	GlobalSection(SolutionConfigurationPlatforms) = preSolution
		Debug|Any CPU = Debug|Any CPU
		Release|Any CPU = Release|Any CPU
	EndGlobalSection
	GlobalSection(ProjectConfigurationPlatforms) = postSolution
		{B798BC3B-0DBD-F182-1EA1-EBC9395B07A6}.Debug|Any CPU.ActiveCfg = Debug|Any CPU
		{B798BC3B-0DBD-F182-1EA1-EBC9395B07A6}.Debug|Any CPU.Build.0 = Debug|Any CPU
		{B798BC3B-0DBD-F182-1EA1-EBC9395B07A6}.Release|Any CPU.ActiveCfg = Release|Any CPU
		{B798BC3B-0DBD-F182-1EA1-EBC9395B07A6}.Release|Any CPU.Build.0 = Release|Any CPU
	EndGlobalSection
	GlobalSection(SolutionProperties) = preSolution
		HideSolutionNode = FALSE
	EndGlobalSection
	GlobalSection(ExtensibilityGlobals) = postSolution
		SolutionGuid = {26C6E4CD-FFEC-4E2B-AC16-03007E5119FD}
	EndGlobalSection
EndGlobal
