Microsoft Visual Studio Solution File, Format Version 12.00
# Visual Studio Version 17
VisualStudioVersion = 17.5.2.0
MinimumVisualStudioVersion = 10.0.40219.1
Project("{FAE04EC0-301F-11D3-BF4B-00C04F79EFBC}") = "nombre_edad", "nombre_edad.csproj", "{C84B647F-8F80-C5A1-2647-9A080A8A9F91}"
EndProject
Global
	GlobalSection(SolutionConfigurationPlatforms) = preSolution
		Debug|Any CPU = Debug|Any CPU
		Release|Any CPU = Release|Any CPU
	EndGlobalSection
	GlobalSection(ProjectConfigurationPlatforms) = postSolution
		{C84B647F-8F80-C5A1-2647-9A080A8A9F91}.Debug|Any CPU.ActiveCfg = Debug|Any CPU
		{C84B647F-8F80-C5A1-2647-9A080A8A9F91}.Debug|Any CPU.Build.0 = Debug|Any CPU
		{C84B647F-8F80-C5A1-2647-9A080A8A9F91}.Release|Any CPU.ActiveCfg = Release|Any CPU
		{C84B647F-8F80-C5A1-2647-9A080A8A9F91}.Release|Any CPU.Build.0 = Release|Any CPU
	EndGlobalSection
	GlobalSection(SolutionProperties) = preSolution
		HideSolutionNode = FALSE
	EndGlobalSection
	GlobalSection(ExtensibilityGlobals) = postSolution
		SolutionGuid = {697ABFBA-FCB4-4C95-9806-65825B9BC5A9}
	EndGlobalSection
EndGlobal
