
Microsoft Visual Studio Solution File, Format Version 12.00
# Visual Studio Version 17
VisualStudioVersion = 17.5.2.0
MinimumVisualStudioVersion = 10.0.40219.1
Project("{FAE04EC0-301F-11D3-BF4B-00C04F79EFBC}") = "10_Raíz_Cuadrada_y_Cúbica", "10_Raíz_Cuadrada_y_Cúbica.csproj", "{10351918-070F-E8F7-F302-D775115375E8}"
EndProject
Global
	GlobalSection(SolutionConfigurationPlatforms) = preSolution
		Debug|Any CPU = Debug|Any CPU
		Release|Any CPU = Release|Any CPU
	EndGlobalSection
	GlobalSection(ProjectConfigurationPlatforms) = postSolution
		{10351918-070F-E8F7-F302-D775115375E8}.Debug|Any CPU.ActiveCfg = Debug|Any CPU
		{10351918-070F-E8F7-F302-D775115375E8}.Debug|Any CPU.Build.0 = Debug|Any CPU
		{10351918-070F-E8F7-F302-D775115375E8}.Release|Any CPU.ActiveCfg = Release|Any CPU
		{10351918-070F-E8F7-F302-D775115375E8}.Release|Any CPU.Build.0 = Release|Any CPU
	EndGlobalSection
	GlobalSection(SolutionProperties) = preSolution
		HideSolutionNode = FALSE
	EndGlobalSection
	GlobalSection(ExtensibilityGlobals) = postSolution
		SolutionGuid = {AF7B5DA6-C860-4FE5-B757-FFD7D1D85F59}
	EndGlobalSection
EndGlobal
