Microsoft Visual Studio Solution File, Format Version 12.00
# Visual Studio Version 17
VisualStudioVersion = 17.5.2.0
MinimumVisualStudioVersion = 10.0.40219.1
Project("{FAE04EC0-301F-11D3-BF4B-00C04F79EFBC}") = "02_AreaPerimetro", "02_AreaPerimetro.csproj", "{5FA34345-332E-FF30-2B7C-1C549C4563D0}"
EndProject
Global
	GlobalSection(SolutionConfigurationPlatforms) = preSolution
		Debug|Any CPU = Debug|Any CPU
		Release|Any CPU = Release|Any CPU
	EndGlobalSection
	GlobalSection(ProjectConfigurationPlatforms) = postSolution
		{5FA34345-332E-FF30-2B7C-1C549C4563D0}.Debug|Any CPU.ActiveCfg = Debug|Any CPU
		{5FA34345-332E-FF30-2B7C-1C549C4563D0}.Debug|Any CPU.Build.0 = Debug|Any CPU
		{5FA34345-332E-FF30-2B7C-1C549C4563D0}.Release|Any CPU.ActiveCfg = Release|Any CPU
		{5FA34345-332E-FF30-2B7C-1C549C4563D0}.Release|Any CPU.Build.0 = Release|Any CPU
	EndGlobalSection
	GlobalSection(SolutionProperties) = preSolution
		HideSolutionNode = FALSE
	EndGlobalSection
	GlobalSection(ExtensibilityGlobals) = postSolution
		SolutionGuid = {A7686EB3-F281-4FE8-8948-E88113ACD252}
	EndGlobalSection
EndGlobal
