Microsoft Visual Studio Solution File, Format Version 12.00
# Visual Studio Version 17
VisualStudioVersion = 17.5.2.0
MinimumVisualStudioVersion = 10.0.40219.1
Project("{FAE04EC0-301F-11D3-BF4B-00C04F79EFBC}") = "13_Iniciales", "13_Iniciales.csproj", "{AD5C89AA-E72F-E69E-7C41-89F8F0938F66}"
EndProject
Global
	GlobalSection(SolutionConfigurationPlatforms) = preSolution
		Debug|Any CPU = Debug|Any CPU
		Release|Any CPU = Release|Any CPU
	EndGlobalSection
	GlobalSection(ProjectConfigurationPlatforms) = postSolution
		{AD5C89AA-E72F-E69E-7C41-89F8F0938F66}.Debug|Any CPU.ActiveCfg = Debug|Any CPU
		{AD5C89AA-E72F-E69E-7C41-89F8F0938F66}.Debug|Any CPU.Build.0 = Debug|Any CPU
		{AD5C89AA-E72F-E69E-7C41-89F8F0938F66}.Release|Any CPU.ActiveCfg = Release|Any CPU
		{AD5C89AA-E72F-E69E-7C41-89F8F0938F66}.Release|Any CPU.Build.0 = Release|Any CPU
	EndGlobalSection
	GlobalSection(SolutionProperties) = preSolution
		HideSolutionNode = FALSE
	EndGlobalSection
	GlobalSection(ExtensibilityGlobals) = postSolution
		SolutionGuid = {91D108E5-3383-49BE-B530-6FAD30A53432}
	EndGlobalSection
EndGlobal
