Microsoft Visual Studio Solution File, Format Version 12.00
# Visual Studio Version 17
VisualStudioVersion = 17.5.2.0
MinimumVisualStudioVersion = 10.0.40219.1
Project("{FAE04EC0-301F-11D3-BF4B-00C04F79EFBC}") = "04_incremento0a1000dea5_While", "04_incremento0a1000dea5_While.csproj", "{B10CDE40-3740-A005-CDD3-48135357C30B}"
EndProject
Global
	GlobalSection(SolutionConfigurationPlatforms) = preSolution
		Debug|Any CPU = Debug|Any CPU
		Release|Any CPU = Release|Any CPU
	EndGlobalSection
	GlobalSection(ProjectConfigurationPlatforms) = postSolution
		{B10CDE40-3740-A005-CDD3-48135357C30B}.Debug|Any CPU.ActiveCfg = Debug|Any CPU
		{B10CDE40-3740-A005-CDD3-48135357C30B}.Debug|Any CPU.Build.0 = Debug|Any CPU
		{B10CDE40-3740-A005-CDD3-48135357C30B}.Release|Any CPU.ActiveCfg = Release|Any CPU
		{B10CDE40-3740-A005-CDD3-48135357C30B}.Release|Any CPU.Build.0 = Release|Any CPU
	EndGlobalSection
	GlobalSection(SolutionProperties) = preSolution
		HideSolutionNode = FALSE
	EndGlobalSection
	GlobalSection(ExtensibilityGlobals) = postSolution
		SolutionGuid = {E5DE4C22-F885-4156-9290-B4F7EB7881EA}
	EndGlobalSection
EndGlobal
