Microsoft Visual Studio Solution File, Format Version 12.00
# Visual Studio Version 17
VisualStudioVersion = 17.5.2.0
MinimumVisualStudioVersion = 10.0.40219.1
Project("{FAE04EC0-301F-11D3-BF4B-00C04F79EFBC}") = "08_Descuento_del_15%", "08_Descuento_del_15%.csproj", "{B5A6769F-E80C-27D8-09D3-D0856635E74A}"
EndProject
Global
	GlobalSection(SolutionConfigurationPlatforms) = preSolution
		Debug|Any CPU = Debug|Any CPU
		Release|Any CPU = Release|Any CPU
	EndGlobalSection
	GlobalSection(ProjectConfigurationPlatforms) = postSolution
		{B5A6769F-E80C-27D8-09D3-D0856635E74A}.Debug|Any CPU.ActiveCfg = Debug|Any CPU
		{B5A6769F-E80C-27D8-09D3-D0856635E74A}.Debug|Any CPU.Build.0 = Debug|Any CPU
		{B5A6769F-E80C-27D8-09D3-D0856635E74A}.Release|Any CPU.ActiveCfg = Release|Any CPU
		{B5A6769F-E80C-27D8-09D3-D0856635E74A}.Release|Any CPU.Build.0 = Release|Any CPU
	EndGlobalSection
	GlobalSection(SolutionProperties) = preSolution
		HideSolutionNode = FALSE
	EndGlobalSection
	GlobalSection(ExtensibilityGlobals) = postSolution
		SolutionGuid = {05E449E3-C902-42C2-9715-2AFF227E0279}
	EndGlobalSection
EndGlobal
